
Microsoft Visual Studio Solution File, Format Version 12.00
# Visual Studio Version 17
VisualStudioVersion = 17.0.31903.59
MinimumVisualStudioVersion = 10.0.40219.1
Project("{2150E333-8FDC-42A3-9474-1A3956D46DE8}") = "src", "src", "{4203BF55-2F42-4D06-88EC-549C5617D6AB}"
EndProject
Project("{FAE04EC0-301F-11D3-BF4B-00C04F79EFBC}") = "AuctionService", "src\AuctionService\AuctionService.csproj", "{1AA033D4-DA48-42AC-93D5-B1C24CDF2012}"
EndProject
Project("{FAE04EC0-301F-11D3-BF4B-00C04F79EFBC}") = "SearchService", "src\SearchService\SearchService.csproj", "{9670291C-3314-4A27-B814-5D89F59499F1}"
EndProject
Project("{FAE04EC0-301F-11D3-BF4B-00C04F79EFBC}") = "Contracts", "src\contracts\Contracts.csproj", "{B73FB4C6-0C92-4ADB-A72F-5F8C3B945E5A}"
EndProject
Project("{FAE04EC0-301F-11D3-BF4B-00C04F79EFBC}") = "IdentityService", "src\identityService\IdentityService.csproj", "{2267D422-624D-4F12-82CB-6404B023FFED}"
EndProject
Global
	GlobalSection(SolutionConfigurationPlatforms) = preSolution
		Debug|Any CPU = Debug|Any CPU
		Release|Any CPU = Release|Any CPU
	EndGlobalSection
	GlobalSection(SolutionProperties) = preSolution
		HideSolutionNode = FALSE
	EndGlobalSection
	GlobalSection(ProjectConfigurationPlatforms) = postSolution
		{1AA033D4-DA48-42AC-93D5-B1C24CDF2012}.Debug|Any CPU.ActiveCfg = Debug|Any CPU
		{1AA033D4-DA48-42AC-93D5-B1C24CDF2012}.Debug|Any CPU.Build.0 = Debug|Any CPU
		{1AA033D4-DA48-42AC-93D5-B1C24CDF2012}.Release|Any CPU.ActiveCfg = Release|Any CPU
		{1AA033D4-DA48-42AC-93D5-B1C24CDF2012}.Release|Any CPU.Build.0 = Release|Any CPU
		{9670291C-3314-4A27-B814-5D89F59499F1}.Debug|Any CPU.ActiveCfg = Debug|Any CPU
		{9670291C-3314-4A27-B814-5D89F59499F1}.Debug|Any CPU.Build.0 = Debug|Any CPU
		{9670291C-3314-4A27-B814-5D89F59499F1}.Release|Any CPU.ActiveCfg = Release|Any CPU
		{9670291C-3314-4A27-B814-5D89F59499F1}.Release|Any CPU.Build.0 = Release|Any CPU
		{B73FB4C6-0C92-4ADB-A72F-5F8C3B945E5A}.Debug|Any CPU.ActiveCfg = Debug|Any CPU
		{B73FB4C6-0C92-4ADB-A72F-5F8C3B945E5A}.Debug|Any CPU.Build.0 = Debug|Any CPU
		{B73FB4C6-0C92-4ADB-A72F-5F8C3B945E5A}.Release|Any CPU.ActiveCfg = Release|Any CPU
		{B73FB4C6-0C92-4ADB-A72F-5F8C3B945E5A}.Release|Any CPU.Build.0 = Release|Any CPU
		{2267D422-624D-4F12-82CB-6404B023FFED}.Debug|Any CPU.ActiveCfg = Debug|Any CPU
		{2267D422-624D-4F12-82CB-6404B023FFED}.Debug|Any CPU.Build.0 = Debug|Any CPU
		{2267D422-624D-4F12-82CB-6404B023FFED}.Release|Any CPU.ActiveCfg = Release|Any CPU
		{2267D422-624D-4F12-82CB-6404B023FFED}.Release|Any CPU.Build.0 = Release|Any CPU
	EndGlobalSection
	GlobalSection(NestedProjects) = preSolution
		{1AA033D4-DA48-42AC-93D5-B1C24CDF2012} = {4203BF55-2F42-4D06-88EC-549C5617D6AB}
		{9670291C-3314-4A27-B814-5D89F59499F1} = {4203BF55-2F42-4D06-88EC-549C5617D6AB}
		{B73FB4C6-0C92-4ADB-A72F-5F8C3B945E5A} = {4203BF55-2F42-4D06-88EC-549C5617D6AB}
		{2267D422-624D-4F12-82CB-6404B023FFED} = {4203BF55-2F42-4D06-88EC-549C5617D6AB}
	EndGlobalSection
EndGlobal
